// !$*UTF8*$!
{
	archiveVersion = 1;
	classes = {
	};
	objectVersion = 50;
	objects = {

/* Begin PBXBuildFile section */
		4D50E4D928C18769002EAA8F /* CWButton.swift in Sources */ = {isa = PBXBuildFile; fileRef = 4D50E4D828C18769002EAA8F /* CWButton.swift */; };
		4DD7053C28C0606B0060E4D6 /* AppDelegate.swift in Sources */ = {isa = PBXBuildFile; fileRef = 4DD7053B28C0606B0060E4D6 /* AppDelegate.swift */; };
		4DD7053E28C0606B0060E4D6 /* SceneDelegate.swift in Sources */ = {isa = PBXBuildFile; fileRef = 4DD7053D28C0606B0060E4D6 /* SceneDelegate.swift */; };
		4DD7054528C060740060E4D6 /* Assets.xcassets in Resources */ = {isa = PBXBuildFile; fileRef = 4DD7054428C060740060E4D6 /* Assets.xcassets */; };
		4DD7054828C060740060E4D6 /* LaunchScreen.storyboard in Resources */ = {isa = PBXBuildFile; fileRef = 4DD7054628C060740060E4D6 /* LaunchScreen.storyboard */; };
		4DD7055228C063D40060E4D6 /* CardSelectionVC.swift in Sources */ = {isa = PBXBuildFile; fileRef = 4DD7055128C063D40060E4D6 /* CardSelectionVC.swift */; };
		4DE393D428C3A34F0037D725 /* RulesVC.swift in Sources */ = {isa = PBXBuildFile; fileRef = 4DE393D328C3A34F0037D725 /* RulesVC.swift */; };
		4DE393D828C3B26A0037D725 /* CardDeck.swift in Sources */ = {isa = PBXBuildFile; fileRef = 4DE393D728C3B26A0037D725 /* CardDeck.swift */; };
/* End PBXBuildFile section */

/* Begin PBXFileReference section */
		4D50E4D828C18769002EAA8F /* CWButton.swift */ = {isa = PBXFileReference; lastKnownFileType = sourcecode.swift; path = CWButton.swift; sourceTree = "<group>"; };
		4DD7053828C0606B0060E4D6 /* programmaticCardWorkout.app */ = {isa = PBXFileReference; explicitFileType = wrapper.application; includeInIndex = 0; path = programmaticCardWorkout.app; sourceTree = BUILT_PRODUCTS_DIR; };
		4DD7053B28C0606B0060E4D6 /* AppDelegate.swift */ = {isa = PBXFileReference; lastKnownFileType = sourcecode.swift; path = AppDelegate.swift; sourceTree = "<group>"; };
		4DD7053D28C0606B0060E4D6 /* SceneDelegate.swift */ = {isa = PBXFileReference; lastKnownFileType = sourcecode.swift; path = SceneDelegate.swift; sourceTree = "<group>"; };
		4DD7054428C060740060E4D6 /* Assets.xcassets */ = {isa = PBXFileReference; lastKnownFileType = folder.assetcatalog; path = Assets.xcassets; sourceTree = "<group>"; };
		4DD7054728C060740060E4D6 /* Base */ = {isa = PBXFileReference; lastKnownFileType = file.storyboard; name = Base; path = Base.lproj/LaunchScreen.storyboard; sourceTree = "<group>"; };
		4DD7054928C060740060E4D6 /* Info.plist */ = {isa = PBXFileReference; lastKnownFileType = text.plist.xml; path = Info.plist; sourceTree = "<group>"; };
		4DD7055128C063D40060E4D6 /* CardSelectionVC.swift */ = {isa = PBXFileReference; lastKnownFileType = sourcecode.swift; path = CardSelectionVC.swift; sourceTree = "<group>"; };
		4DE393D328C3A34F0037D725 /* RulesVC.swift */ = {isa = PBXFileReference; lastKnownFileType = sourcecode.swift; path = RulesVC.swift; sourceTree = "<group>"; };
		4DE393D728C3B26A0037D725 /* CardDeck.swift */ = {isa = PBXFileReference; lastKnownFileType = sourcecode.swift; path = CardDeck.swift; sourceTree = "<group>"; };
/* End PBXFileReference section */

/* Begin PBXFrameworksBuildPhase section */
		4DD7053528C0606B0060E4D6 /* Frameworks */ = {
			isa = PBXFrameworksBuildPhase;
			buildActionMask = 2147483647;
			files = (
			);
			runOnlyForDeploymentPostprocessing = 0;
		};
/* End PBXFrameworksBuildPhase section */

/* Begin PBXGroup section */
		4DD7052F28C0606A0060E4D6 = {
			isa = PBXGroup;
			children = (
				4DD7053A28C0606B0060E4D6 /* programmaticCardWorkout */,
				4DD7053928C0606B0060E4D6 /* Products */,
			);
			sourceTree = "<group>";
		};
		4DD7053928C0606B0060E4D6 /* Products */ = {
			isa = PBXGroup;
			children = (
				4DD7053828C0606B0060E4D6 /* programmaticCardWorkout.app */,
			);
			name = Products;
			sourceTree = "<group>";
		};
		4DD7053A28C0606B0060E4D6 /* programmaticCardWorkout */ = {
			isa = PBXGroup;
			children = (
				4DD7053B28C0606B0060E4D6 /* AppDelegate.swift */,
				4DD7053D28C0606B0060E4D6 /* SceneDelegate.swift */,
				4DD7055128C063D40060E4D6 /* CardSelectionVC.swift */,
				4DE393D328C3A34F0037D725 /* RulesVC.swift */,
				4D50E4D828C18769002EAA8F /* CWButton.swift */,
				4DE393D728C3B26A0037D725 /* CardDeck.swift */,
				4DD7054428C060740060E4D6 /* Assets.xcassets */,
				4DD7054628C060740060E4D6 /* LaunchScreen.storyboard */,
				4DD7054928C060740060E4D6 /* Info.plist */,
			);
			path = programmaticCardWorkout;
			sourceTree = "<group>";
		};
/* End PBXGroup section */

/* Begin PBXNativeTarget section */
		4DD7053728C0606B0060E4D6 /* programmaticCardWorkout */ = {
			isa = PBXNativeTarget;
			buildConfigurationList = 4DD7054C28C060740060E4D6 /* Build configuration list for PBXNativeTarget "programmaticCardWorkout" */;
			buildPhases = (
				4DD7053428C0606B0060E4D6 /* Sources */,
				4DD7053528C0606B0060E4D6 /* Frameworks */,
				4DD7053628C0606B0060E4D6 /* Resources */,
			);
			buildRules = (
			);
			dependencies = (
			);
			name = programmaticCardWorkout;
			productName = programmaticCardWorkout;
			productReference = 4DD7053828C0606B0060E4D6 /* programmaticCardWorkout.app */;
			productType = "com.apple.product-type.application";
		};
/* End PBXNativeTarget section */

/* Begin PBXProject section */
		4DD7053028C0606B0060E4D6 /* Project object */ = {
			isa = PBXProject;
			attributes = {
				LastSwiftUpdateCheck = 1240;
				LastUpgradeCheck = 1240;
				TargetAttributes = {
					4DD7053728C0606B0060E4D6 = {
						CreatedOnToolsVersion = 12.4;
					};
				};
			};
			buildConfigurationList = 4DD7053328C0606B0060E4D6 /* Build configuration list for PBXProject "programmaticCardWorkout" */;
			compatibilityVersion = "Xcode 9.3";
			developmentRegion = en;
			hasScannedForEncodings = 0;
			knownRegions = (
				en,
				Base,
			);
			mainGroup = 4DD7052F28C0606A0060E4D6;
			productRefGroup = 4DD7053928C0606B0060E4D6 /* Products */;
			projectDirPath = "";
			projectRoot = "";
			targets = (
				4DD7053728C0606B0060E4D6 /* programmaticCardWorkout */,
			);
		};
/* End PBXProject section */

/* Begin PBXResourcesBuildPhase section */
		4DD7053628C0606B0060E4D6 /* Resources */ = {
			isa = PBXResourcesBuildPhase;
			buildActionMask = 2147483647;
			files = (
				4DD7054828C060740060E4D6 /* LaunchScreen.storyboard in Resources */,
				4DD7054528C060740060E4D6 /* Assets.xcassets in Resources */,
			);
			runOnlyForDeploymentPostprocessing = 0;
		};
/* End PBXResourcesBuildPhase section */

/* Begin PBXSourcesBuildPhase section */
		4DD7053428C0606B0060E4D6 /* Sources */ = {
			isa = PBXSourcesBuildPhase;
			buildActionMask = 2147483647;
			files = (
				4DE393D828C3B26A0037D725 /* CardDeck.swift in Sources */,
				4DD7053C28C0606B0060E4D6 /* AppDelegate.swift in Sources */,
				4DE393D428C3A34F0037D725 /* RulesVC.swift in Sources */,
				4DD7053E28C0606B0060E4D6 /* SceneDelegate.swift in Sources */,
				4DD7055228C063D40060E4D6 /* CardSelectionVC.swift in Sources */,
				4D50E4D928C18769002EAA8F /* CWButton.swift in Sources */,
			);
			runOnlyForDeploymentPostprocessing = 0;
		};
/* End PBXSourcesBuildPhase section */

/* Begin PBXVariantGroup section */
		4DD7054628C060740060E4D6 /* LaunchScreen.storyboard */ = {
			isa = PBXVariantGroup;
			children = (
				4DD7054728C060740060E4D6 /* Base */,
			);
			name = LaunchScreen.storyboard;
			sourceTree = "<group>";
		};
/* End PBXVariantGroup section */

/* Begin XCBuildConfiguration section */
		4DD7054A28C060740060E4D6 /* Debug */ = {
			isa = XCBuildConfiguration;
			buildSettings = {
				ALWAYS_SEARCH_USER_PATHS = NO;
				CLANG_ANALYZER_NONNULL = YES;
				CLANG_ANALYZER_NUMBER_OBJECT_CONVERSION = YES_AGGRESSIVE;
				CLANG_CXX_LANGUAGE_STANDARD = "gnu++14";
				CLANG_CXX_LIBRARY = "libc++";
				CLANG_ENABLE_MODULES = YES;
				CLANG_ENABLE_OBJC_ARC = YES;
				CLANG_ENABLE_OBJC_WEAK = YES;
				CLANG_WARN_BLOCK_CAPTURE_AUTORELEASING = YES;
				CLANG_WARN_BOOL_CONVERSION = YES;
				CLANG_WARN_COMMA = YES;
				CLANG_WARN_CONSTANT_CONVERSION = YES;
				CLANG_WARN_DEPRECATED_OBJC_IMPLEMENTATIONS = YES;
				CLANG_WARN_DIRECT_OBJC_ISA_USAGE = YES_ERROR;
				CLANG_WARN_DOCUMENTATION_COMMENTS = YES;
				CLANG_WARN_EMPTY_BODY = YES;
				CLANG_WARN_ENUM_CONVERSION = YES;
				CLANG_WARN_INFINITE_RECURSION = YES;
				CLANG_WARN_INT_CONVERSION = YES;
				CLANG_WARN_NON_LITERAL_NULL_CONVERSION = YES;
				CLANG_WARN_OBJC_IMPLICIT_RETAIN_SELF = YES;
				CLANG_WARN_OBJC_LITERAL_CONVERSION = YES;
				CLANG_WARN_OBJC_ROOT_CLASS = YES_ERROR;
				CLANG_WARN_QUOTED_INCLUDE_IN_FRAMEWORK_HEADER = YES;
				CLANG_WARN_RANGE_LOOP_ANALYSIS = YES;
				CLANG_WARN_STRICT_PROTOTYPES = YES;
				CLANG_WARN_SUSPICIOUS_MOVE = YES;
				CLANG_WARN_UNGUARDED_AVAILABILITY = YES_AGGRESSIVE;
				CLANG_WARN_UNREACHABLE_CODE = YES;
				CLANG_WARN__DUPLICATE_METHOD_MATCH = YES;
				COPY_PHASE_STRIP = NO;
				DEBUG_INFORMATION_FORMAT = dwarf;
				ENABLE_STRICT_OBJC_MSGSEND = YES;
				ENABLE_TESTABILITY = YES;
				GCC_C_LANGUAGE_STANDARD = gnu11;
				GCC_DYNAMIC_NO_PIC = NO;
				GCC_NO_COMMON_BLOCKS = YES;
				GCC_OPTIMIZATION_LEVEL = 0;
				GCC_PREPROCESSOR_DEFINITIONS = (
					"DEBUG=1",
					"$(inherited)",
				);
				GCC_WARN_64_TO_32_BIT_CONVERSION = YES;
				GCC_WARN_ABOUT_RETURN_TYPE = YES_ERROR;
				GCC_WARN_UNDECLARED_SELECTOR = YES;
				GCC_WARN_UNINITIALIZED_AUTOS = YES_AGGRESSIVE;
				GCC_WARN_UNUSED_FUNCTION = YES;
				GCC_WARN_UNUSED_VARIABLE = YES;
				IPHONEOS_DEPLOYMENT_TARGET = 14.4;
				MTL_ENABLE_DEBUG_INFO = INCLUDE_SOURCE;
				MTL_FAST_MATH = YES;
				ONLY_ACTIVE_ARCH = YES;
				SDKROOT = iphoneos;
				SWIFT_ACTIVE_COMPILATION_CONDITIONS = DEBUG;
				SWIFT_OPTIMIZATION_LEVEL = "-Onone";
			};
			name = Debug;
		};
		4DD7054B28C060740060E4D6 /* Release */ = {
			isa = XCBuildConfiguration;
			buildSettings = {
				ALWAYS_SEARCH_USER_PATHS = NO;
				CLANG_ANALYZER_NONNULL = YES;
				CLANG_ANALYZER_NUMBER_OBJECT_CONVERSION = YES_AGGRESSIVE;
				CLANG_CXX_LANGUAGE_STANDARD = "gnu++14";
				CLANG_CXX_LIBRARY = "libc++";
				CLANG_ENABLE_MODULES = YES;
				CLANG_ENABLE_OBJC_ARC = YES;
				CLANG_ENABLE_OBJC_WEAK = YES;
				CLANG_WARN_BLOCK_CAPTURE_AUTORELEASING = YES;
				CLANG_WARN_BOOL_CONVERSION = YES;
				CLANG_WARN_COMMA = YES;
				CLANG_WARN_CONSTANT_CONVERSION = YES;
				CLANG_WARN_DEPRECATED_OBJC_IMPLEMENTATIONS = YES;
				CLANG_WARN_DIRECT_OBJC_ISA_USAGE = YES_ERROR;
				CLANG_WARN_DOCUMENTATION_COMMENTS = YES;
				CLANG_WARN_EMPTY_BODY = YES;
				CLANG_WARN_ENUM_CONVERSION = YES;
				CLANG_WARN_INFINITE_RECURSION = YES;
				CLANG_WARN_INT_CONVERSION = YES;
				CLANG_WARN_NON_LITERAL_NULL_CONVERSION = YES;
				CLANG_WARN_OBJC_IMPLICIT_RETAIN_SELF = YES;
				CLANG_WARN_OBJC_LITERAL_CONVERSION = YES;
				CLANG_WARN_OBJC_ROOT_CLASS = YES_ERROR;
				CLANG_WARN_QUOTED_INCLUDE_IN_FRAMEWORK_HEADER = YES;
				CLANG_WARN_RANGE_LOOP_ANALYSIS = YES;
				CLANG_WARN_STRICT_PROTOTYPES = YES;
				CLANG_WARN_SUSPICIOUS_MOVE = YES;
				CLANG_WARN_UNGUARDED_AVAILABILITY = YES_AGGRESSIVE;
				CLANG_WARN_UNREACHABLE_CODE = YES;
				CLANG_WARN__DUPLICATE_METHOD_MATCH = YES;
				COPY_PHASE_STRIP = NO;
				DEBUG_INFORMATION_FORMAT = "dwarf-with-dsym";
				ENABLE_NS_ASSERTIONS = NO;
				ENABLE_STRICT_OBJC_MSGSEND = YES;
				GCC_C_LANGUAGE_STANDARD = gnu11;
				GCC_NO_COMMON_BLOCKS = YES;
				GCC_WARN_64_TO_32_BIT_CONVERSION = YES;
				GCC_WARN_ABOUT_RETURN_TYPE = YES_ERROR;
				GCC_WARN_UNDECLARED_SELECTOR = YES;
				GCC_WARN_UNINITIALIZED_AUTOS = YES_AGGRESSIVE;
				GCC_WARN_UNUSED_FUNCTION = YES;
				GCC_WARN_UNUSED_VARIABLE = YES;
				IPHONEOS_DEPLOYMENT_TARGET = 14.4;
				MTL_ENABLE_DEBUG_INFO = NO;
				MTL_FAST_MATH = YES;
				SDKROOT = iphoneos;
				SWIFT_COMPILATION_MODE = wholemodule;
				SWIFT_OPTIMIZATION_LEVEL = "-O";
				VALIDATE_PRODUCT = YES;
			};
			name = Release;
		};
		4DD7054D28C060740060E4D6 /* Debug */ = {
			isa = XCBuildConfiguration;
			buildSettings = {
				ASSETCATALOG_COMPILER_APPICON_NAME = AppIcon;
				ASSETCATALOG_COMPILER_GLOBAL_ACCENT_COLOR_NAME = AccentColor;
				CODE_SIGN_STYLE = Automatic;
				DEVELOPMENT_TEAM = DSQR5BP855;
				INFOPLIST_FILE = programmaticCardWorkout/Info.plist;
				LD_RUNPATH_SEARCH_PATHS = (
					"$(inherited)",
					"@executable_path/Frameworks",
				);
				PRODUCT_BUNDLE_IDENTIFIER = com.Makeschool.programmaticCardWorkout;
				PRODUCT_NAME = "$(TARGET_NAME)";
				SWIFT_VERSION = 5.0;
				TARGETED_DEVICE_FAMILY = 1;
			};
			name = Debug;
		};
		4DD7054E28C060740060E4D6 /* Release */ = {
			isa = XCBuildConfiguration;
			buildSettings = {
				ASSETCATALOG_COMPILER_APPICON_NAME = AppIcon;
				ASSETCATALOG_COMPILER_GLOBAL_ACCENT_COLOR_NAME = AccentColor;
				CODE_SIGN_STYLE = Automatic;
				DEVELOPMENT_TEAM = DSQR5BP855;
				INFOPLIST_FILE = programmaticCardWorkout/Info.plist;
				LD_RUNPATH_SEARCH_PATHS = (
					"$(inherited)",
					"@executable_path/Frameworks",
				);
				PRODUCT_BUNDLE_IDENTIFIER = com.Makeschool.programmaticCardWorkout;
				PRODUCT_NAME = "$(TARGET_NAME)";
				SWIFT_VERSION = 5.0;
				TARGETED_DEVICE_FAMILY = 1;
			};
			name = Release;
		};
/* End XCBuildConfiguration section */

/* Begin XCConfigurationList section */
		4DD7053328C0606B0060E4D6 /* Build configuration list for PBXProject "programmaticCardWorkout" */ = {
			isa = XCConfigurationList;
			buildConfigurations = (
				4DD7054A28C060740060E4D6 /* Debug */,
				4DD7054B28C060740060E4D6 /* Release */,
			);
			defaultConfigurationIsVisible = 0;
			defaultConfigurationName = Release;
		};
		4DD7054C28C060740060E4D6 /* Build configuration list for PBXNativeTarget "programmaticCardWorkout" */ = {
			isa = XCConfigurationList;
			buildConfigurations = (
				4DD7054D28C060740060E4D6 /* Debug */,
				4DD7054E28C060740060E4D6 /* Release */,
			);
			defaultConfigurationIsVisible = 0;
			defaultConfigurationName = Release;
		};
/* End XCConfigurationList section */
	};
	rootObject = 4DD7053028C0606B0060E4D6 /* Project object */;
}
